
Microsoft Visual Studio Solution File, Format Version 12.00
# Visual Studio 15
VisualStudioVersion = 15.0.27130.2026
MinimumVisualStudioVersion = 10.0.40219.1
Project("{888888A0-9F3D-457C-B088-3A5042F75D52}") = "Multiplos", "Multiplos\Multiplos.pyproj", "{DE3000A3-5A5E-41B9-8127-39D533D78757}"
EndProject
Global
	GlobalSection(SolutionConfigurationPlatforms) = preSolution
		Debug|Any CPU = Debug|Any CPU
		Release|Any CPU = Release|Any CPU
	EndGlobalSection
	GlobalSection(ProjectConfigurationPlatforms) = postSolution
		{DE3000A3-5A5E-41B9-8127-39D533D78757}.Debug|Any CPU.ActiveCfg = Debug|Any CPU
		{DE3000A3-5A5E-41B9-8127-39D533D78757}.Release|Any CPU.ActiveCfg = Release|Any CPU
	EndGlobalSection
	GlobalSection(SolutionProperties) = preSolution
		HideSolutionNode = FALSE
	EndGlobalSection
	GlobalSection(ExtensibilityGlobals) = postSolution
		SolutionGuid = {7FCB4745-98ED-4B6A-A5AE-A4B39630E464}
	EndGlobalSection
EndGlobal
