
Microsoft Visual Studio Solution File, Format Version 12.00
# Visual Studio 15
VisualStudioVersion = 15.0.27130.2026
MinimumVisualStudioVersion = 10.0.40219.1
Project("{888888A0-9F3D-457C-B088-3A5042F75D52}") = "p,p,t", "p,p,t\p,p,t.pyproj", "{CEBB4580-C74A-4935-859B-4F348AE2944A}"
EndProject
Global
	GlobalSection(SolutionConfigurationPlatforms) = preSolution
		Debug|Any CPU = Debug|Any CPU
		Release|Any CPU = Release|Any CPU
	EndGlobalSection
	GlobalSection(ProjectConfigurationPlatforms) = postSolution
		{CEBB4580-C74A-4935-859B-4F348AE2944A}.Debug|Any CPU.ActiveCfg = Debug|Any CPU
		{CEBB4580-C74A-4935-859B-4F348AE2944A}.Release|Any CPU.ActiveCfg = Release|Any CPU
	EndGlobalSection
	GlobalSection(SolutionProperties) = preSolution
		HideSolutionNode = FALSE
	EndGlobalSection
	GlobalSection(ExtensibilityGlobals) = postSolution
		SolutionGuid = {32BE9C53-32ED-458C-8695-A1C74D813AC6}
	EndGlobalSection
EndGlobal
